// !$*UTF8*$!
{
	archiveVersion = 1;
	classes = {
	};
	objectVersion = 53;
	objects = {

/* Begin PBXBuildFile section */
		E0073533255ACCE20075F9D2 /* AppDelegate.swift in Sources */ = {isa = PBXBuildFile; fileRef = E0073532255ACCE20075F9D2 /* AppDelegate.swift */; };
		E0073535255ACCE20075F9D2 /* SceneDelegate.swift in Sources */ = {isa = PBXBuildFile; fileRef = E0073534255ACCE20075F9D2 /* SceneDelegate.swift */; };
		E007353C255ACCE40075F9D2 /* Assets.xcassets in Resources */ = {isa = PBXBuildFile; fileRef = E007353B255ACCE40075F9D2 /* Assets.xcassets */; };
		E007353F255ACCE40075F9D2 /* LaunchScreen.storyboard in Resources */ = {isa = PBXBuildFile; fileRef = E007353D255ACCE40075F9D2 /* LaunchScreen.storyboard */; };
		E007354A255ACCE40075F9D2 /* LoremIpsum_SocialAppTests.swift in Sources */ = {isa = PBXBuildFile; fileRef = E0073549255ACCE40075F9D2 /* LoremIpsum_SocialAppTests.swift */; };
		E0094893256286FD00FB4D9B /* PostViewController.swift in Sources */ = {isa = PBXBuildFile; fileRef = E0094892256286FD00FB4D9B /* PostViewController.swift */; };
		E0094895256287EB00FB4D9B /* UserDetailsViewController.swift in Sources */ = {isa = PBXBuildFile; fileRef = E0094894256287EB00FB4D9B /* UserDetailsViewController.swift */; };
		E009489D2562C41700FB4D9B /* PhotosViewController.swift in Sources */ = {isa = PBXBuildFile; fileRef = E009489C2562C41700FB4D9B /* PhotosViewController.swift */; };
		E00A00DC25655CF800808600 /* PostsViewModel.swift in Sources */ = {isa = PBXBuildFile; fileRef = E00A00DB25655CF800808600 /* PostsViewModel.swift */; };
		E0511E8F256D43BE0027FB36 /* LoadingView.swift in Sources */ = {isa = PBXBuildFile; fileRef = E0511E8E256D43BE0027FB36 /* LoadingView.swift */; };
		E0511E91256D43D60027FB36 /* LoadingView.xib in Resources */ = {isa = PBXBuildFile; fileRef = E0511E90256D43D60027FB36 /* LoadingView.xib */; };
		E056087125626CC200ED0EB9 /* CommentsTableViewCell.swift in Sources */ = {isa = PBXBuildFile; fileRef = E056087025626CC200ED0EB9 /* CommentsTableViewCell.swift */; };
		E056087325626CD800ED0EB9 /* CommentsTableViewController.swift in Sources */ = {isa = PBXBuildFile; fileRef = E056087225626CD800ED0EB9 /* CommentsTableViewController.swift */; };
		E09AE28D256BBC6600A8EFD6 /* PostsTableViewController.xib in Resources */ = {isa = PBXBuildFile; fileRef = E09AE28C256BBC6600A8EFD6 /* PostsTableViewController.xib */; };
		E09AE28F256BBC9000A8EFD6 /* PostsTableViewCell.xib in Resources */ = {isa = PBXBuildFile; fileRef = E09AE28E256BBC9000A8EFD6 /* PostsTableViewCell.xib */; };
		E09AE291256BBCA400A8EFD6 /* CommentsTableViewController.xib in Resources */ = {isa = PBXBuildFile; fileRef = E09AE290256BBCA400A8EFD6 /* CommentsTableViewController.xib */; };
		E09AE293256BBCAF00A8EFD6 /* CommentsTableViewCell.xib in Resources */ = {isa = PBXBuildFile; fileRef = E09AE292256BBCAF00A8EFD6 /* CommentsTableViewCell.xib */; };
		E09AE295256BBCBA00A8EFD6 /* UserDetailsViewController.xib in Resources */ = {isa = PBXBuildFile; fileRef = E09AE294256BBCBA00A8EFD6 /* UserDetailsViewController.xib */; };
		E09AE297256BBCD500A8EFD6 /* PostViewController.xib in Resources */ = {isa = PBXBuildFile; fileRef = E09AE296256BBCD500A8EFD6 /* PostViewController.xib */; };
		E09AE299256BBCE500A8EFD6 /* PhotosViewController.xib in Resources */ = {isa = PBXBuildFile; fileRef = E09AE298256BBCE500A8EFD6 /* PhotosViewController.xib */; };
		E09AE2A4256BD79100A8EFD6 /* PhotosCollectionViewCell.xib in Resources */ = {isa = PBXBuildFile; fileRef = E09AE2A3256BD79100A8EFD6 /* PhotosCollectionViewCell.xib */; };
		E09AE301256BF41D00A8EFD6 /* Icon-29.png in Resources */ = {isa = PBXBuildFile; fileRef = E09AE2E3256BF41D00A8EFD6 /* Icon-29.png */; };
		E09AE302256BF41D00A8EFD6 /* Icon-16.png in Resources */ = {isa = PBXBuildFile; fileRef = E09AE2E4256BF41D00A8EFD6 /* Icon-16.png */; };
		E09AE303256BF41D00A8EFD6 /* Icon-256.png in Resources */ = {isa = PBXBuildFile; fileRef = E09AE2E5256BF41D00A8EFD6 /* Icon-256.png */; };
		E09AE304256BF41D00A8EFD6 /* Icon-120.png in Resources */ = {isa = PBXBuildFile; fileRef = E09AE2E6256BF41D00A8EFD6 /* Icon-120.png */; };
		E09AE305256BF41D00A8EFD6 /* Icon-88.png in Resources */ = {isa = PBXBuildFile; fileRef = E09AE2E7256BF41D00A8EFD6 /* Icon-88.png */; };
		E09AE306256BF41D00A8EFD6 /* Icon-144.png in Resources */ = {isa = PBXBuildFile; fileRef = E09AE2E8256BF41D00A8EFD6 /* Icon-144.png */; };
		E09AE307256BF41D00A8EFD6 /* Icon-76.png in Resources */ = {isa = PBXBuildFile; fileRef = E09AE2E9256BF41D00A8EFD6 /* Icon-76.png */; };
		E09AE308256BF41D00A8EFD6 /* Icon-60.png in Resources */ = {isa = PBXBuildFile; fileRef = E09AE2EA256BF41D00A8EFD6 /* Icon-60.png */; };
		E09AE309256BF41D00A8EFD6 /* Icon-48.png in Resources */ = {isa = PBXBuildFile; fileRef = E09AE2EB256BF41D00A8EFD6 /* Icon-48.png */; };
		E09AE30A256BF41D00A8EFD6 /* Icon-1024.png in Resources */ = {isa = PBXBuildFile; fileRef = E09AE2EC256BF41D00A8EFD6 /* Icon-1024.png */; };
		E09AE30B256BF41D00A8EFD6 /* Icon-152.png in Resources */ = {isa = PBXBuildFile; fileRef = E09AE2ED256BF41D00A8EFD6 /* Icon-152.png */; };
		E09AE30C256BF41D00A8EFD6 /* Icon-180.png in Resources */ = {isa = PBXBuildFile; fileRef = E09AE2EE256BF41D00A8EFD6 /* Icon-180.png */; };
		E09AE30D256BF41D00A8EFD6 /* Icon-64.png in Resources */ = {isa = PBXBuildFile; fileRef = E09AE2EF256BF41D00A8EFD6 /* Icon-64.png */; };
		E09AE30E256BF41D00A8EFD6 /* Icon-58.png in Resources */ = {isa = PBXBuildFile; fileRef = E09AE2F0256BF41D00A8EFD6 /* Icon-58.png */; };
		E09AE30F256BF41D00A8EFD6 /* Icon-72.png in Resources */ = {isa = PBXBuildFile; fileRef = E09AE2F1256BF41D00A8EFD6 /* Icon-72.png */; };
		E09AE310256BF41D00A8EFD6 /* Icon-196.png in Resources */ = {isa = PBXBuildFile; fileRef = E09AE2F2256BF41D00A8EFD6 /* Icon-196.png */; };
		E09AE311256BF41D00A8EFD6 /* Icon-80.png in Resources */ = {isa = PBXBuildFile; fileRef = E09AE2F3256BF41D00A8EFD6 /* Icon-80.png */; };
		E09AE312256BF41D00A8EFD6 /* Icon-57.png in Resources */ = {isa = PBXBuildFile; fileRef = E09AE2F4256BF41D00A8EFD6 /* Icon-57.png */; };
		E09AE313256BF41D00A8EFD6 /* Icon-55.png in Resources */ = {isa = PBXBuildFile; fileRef = E09AE2F5256BF41D00A8EFD6 /* Icon-55.png */; };
		E09AE314256BF41D00A8EFD6 /* Icon-172.png in Resources */ = {isa = PBXBuildFile; fileRef = E09AE2F6256BF41D00A8EFD6 /* Icon-172.png */; };
		E09AE315256BF41D00A8EFD6 /* Icon-167.png in Resources */ = {isa = PBXBuildFile; fileRef = E09AE2F7256BF41D00A8EFD6 /* Icon-167.png */; };
		E09AE316256BF41D00A8EFD6 /* Icon-40.png in Resources */ = {isa = PBXBuildFile; fileRef = E09AE2F8256BF41D00A8EFD6 /* Icon-40.png */; };
		E09AE317256BF41D00A8EFD6 /* Icon-50.png in Resources */ = {isa = PBXBuildFile; fileRef = E09AE2F9256BF41D00A8EFD6 /* Icon-50.png */; };
		E09AE318256BF41D00A8EFD6 /* Icon-87.png in Resources */ = {isa = PBXBuildFile; fileRef = E09AE2FA256BF41D00A8EFD6 /* Icon-87.png */; };
		E09AE319256BF41D00A8EFD6 /* Icon-20.png in Resources */ = {isa = PBXBuildFile; fileRef = E09AE2FB256BF41D00A8EFD6 /* Icon-20.png */; };
		E09AE31A256BF41D00A8EFD6 /* Icon-128.png in Resources */ = {isa = PBXBuildFile; fileRef = E09AE2FC256BF41D00A8EFD6 /* Icon-128.png */; };
		E09AE31B256BF41D00A8EFD6 /* Icon-100.png in Resources */ = {isa = PBXBuildFile; fileRef = E09AE2FD256BF41D00A8EFD6 /* Icon-100.png */; };
		E09AE31C256BF41D00A8EFD6 /* Icon-114.png in Resources */ = {isa = PBXBuildFile; fileRef = E09AE2FE256BF41D00A8EFD6 /* Icon-114.png */; };
		E09AE31D256BF41D00A8EFD6 /* Icon-32.png in Resources */ = {isa = PBXBuildFile; fileRef = E09AE2FF256BF41D00A8EFD6 /* Icon-32.png */; };
		E09AE31E256BF41D00A8EFD6 /* Icon-512.png in Resources */ = {isa = PBXBuildFile; fileRef = E09AE300256BF41D00A8EFD6 /* Icon-512.png */; };
		E09AE321256BF7CC00A8EFD6 /* MainNavigationController.swift in Sources */ = {isa = PBXBuildFile; fileRef = E09AE31F256BF7CC00A8EFD6 /* MainNavigationController.swift */; };
		E09AE322256BF7CC00A8EFD6 /* MainNavigationController.xib in Resources */ = {isa = PBXBuildFile; fileRef = E09AE320256BF7CC00A8EFD6 /* MainNavigationController.xib */; };
		E09DBFBB256512730019F606 /* PhotosCollectionViewCell.swift in Sources */ = {isa = PBXBuildFile; fileRef = E09DBFBA256512730019F606 /* PhotosCollectionViewCell.swift */; };
		E09DBFBD2565153F0019F606 /* placeholder.png in Resources */ = {isa = PBXBuildFile; fileRef = E09DBFBC2565153F0019F606 /* placeholder.png */; };
		E09DBFBF2565216E0019F606 /* Endpoint.swift in Sources */ = {isa = PBXBuildFile; fileRef = E09DBFBE2565216E0019F606 /* Endpoint.swift */; };
		E09DBFC1256526D20019F606 /* JSONPlaceholderClient.swift in Sources */ = {isa = PBXBuildFile; fileRef = E09DBFC0256526D20019F606 /* JSONPlaceholderClient.swift */; };
		E09DBFC925652AB40019F606 /* PhotosViewModel.swift in Sources */ = {isa = PBXBuildFile; fileRef = E09DBFC825652AB40019F606 /* PhotosViewModel.swift */; };
		E0A1EF472563B3B4007FD71B /* crayon-1030.png in Resources */ = {isa = PBXBuildFile; fileRef = E0A1EF462563B3B4007FD71B /* crayon-1030.png */; };
		E0A1EF492563B4DD007FD71B /* ThreePointGradientView.swift in Sources */ = {isa = PBXBuildFile; fileRef = E0A1EF482563B4DD007FD71B /* ThreePointGradientView.swift */; };
		E0A1EF5025640141007FD71B /* APIClient.swift in Sources */ = {isa = PBXBuildFile; fileRef = E0A1EF4F25640141007FD71B /* APIClient.swift */; };
		E0A58377255AD3D500A81ECC /* Geo.swift in Sources */ = {isa = PBXBuildFile; fileRef = E0A5836E255AD3D500A81ECC /* Geo.swift */; };
		E0A58378255AD3D500A81ECC /* Post.swift in Sources */ = {isa = PBXBuildFile; fileRef = E0A5836F255AD3D500A81ECC /* Post.swift */; };
		E0A58379255AD3D500A81ECC /* User.swift in Sources */ = {isa = PBXBuildFile; fileRef = E0A58370255AD3D500A81ECC /* User.swift */; };
		E0A5837A255AD3D500A81ECC /* Todo.swift in Sources */ = {isa = PBXBuildFile; fileRef = E0A58371255AD3D500A81ECC /* Todo.swift */; };
		E0A5837B255AD3D500A81ECC /* Company.swift in Sources */ = {isa = PBXBuildFile; fileRef = E0A58372255AD3D500A81ECC /* Company.swift */; };
		E0A5837C255AD3D500A81ECC /* Comment.swift in Sources */ = {isa = PBXBuildFile; fileRef = E0A58373255AD3D500A81ECC /* Comment.swift */; };
		E0A5837D255AD3D500A81ECC /* Album.swift in Sources */ = {isa = PBXBuildFile; fileRef = E0A58374255AD3D500A81ECC /* Album.swift */; };
		E0A5837E255AD3D500A81ECC /* Address.swift in Sources */ = {isa = PBXBuildFile; fileRef = E0A58375255AD3D500A81ECC /* Address.swift */; };
		E0A5837F255AD3D500A81ECC /* Photo.swift in Sources */ = {isa = PBXBuildFile; fileRef = E0A58376255AD3D500A81ECC /* Photo.swift */; };
		E0A79B9B255EDAC300766891 /* PostsTableViewController.swift in Sources */ = {isa = PBXBuildFile; fileRef = E0A79B9A255EDAC300766891 /* PostsTableViewController.swift */; };
		E0A79B9D255EDAEA00766891 /* PostsTableViewCell.swift in Sources */ = {isa = PBXBuildFile; fileRef = E0A79B9C255EDAEA00766891 /* PostsTableViewCell.swift */; };
		E0DB2CF1255D2DDA00BF374C /* icons8-comments-100.png in Resources */ = {isa = PBXBuildFile; fileRef = E0DB2CF0255D2DDA00BF374C /* icons8-comments-100.png */; };
		E0DB2CF3255D2DDF00BF374C /* icons8-no-camera-100.png in Resources */ = {isa = PBXBuildFile; fileRef = E0DB2CF2255D2DDF00BF374C /* icons8-no-camera-100.png */; };
/* End PBXBuildFile section */

/* Begin PBXContainerItemProxy section */
		E0073546255ACCE40075F9D2 /* PBXContainerItemProxy */ = {
			isa = PBXContainerItemProxy;
			containerPortal = E0073527255ACCE20075F9D2 /* Project object */;
			proxyType = 1;
			remoteGlobalIDString = E007352E255ACCE20075F9D2;
			remoteInfo = "LoremIpsum-SocialApp";
		};
/* End PBXContainerItemProxy section */

/* Begin PBXFileReference section */
		E007352F255ACCE20075F9D2 /* LoremIpsum-SocialApp.app */ = {isa = PBXFileReference; explicitFileType = wrapper.application; includeInIndex = 0; path = "LoremIpsum-SocialApp.app"; sourceTree = BUILT_PRODUCTS_DIR; };
		E0073532255ACCE20075F9D2 /* AppDelegate.swift */ = {isa = PBXFileReference; lastKnownFileType = sourcecode.swift; path = AppDelegate.swift; sourceTree = "<group>"; };
		E0073534255ACCE20075F9D2 /* SceneDelegate.swift */ = {isa = PBXFileReference; lastKnownFileType = sourcecode.swift; path = SceneDelegate.swift; sourceTree = "<group>"; };
		E007353B255ACCE40075F9D2 /* Assets.xcassets */ = {isa = PBXFileReference; lastKnownFileType = folder.assetcatalog; path = Assets.xcassets; sourceTree = "<group>"; };
		E007353E255ACCE40075F9D2 /* Base */ = {isa = PBXFileReference; lastKnownFileType = file.storyboard; name = Base; path = Base.lproj/LaunchScreen.storyboard; sourceTree = "<group>"; };
		E0073540255ACCE40075F9D2 /* Info.plist */ = {isa = PBXFileReference; lastKnownFileType = text.plist.xml; path = Info.plist; sourceTree = "<group>"; };
		E0073545255ACCE40075F9D2 /* LoremIpsum-SocialAppTests.xctest */ = {isa = PBXFileReference; explicitFileType = wrapper.cfbundle; includeInIndex = 0; path = "LoremIpsum-SocialAppTests.xctest"; sourceTree = BUILT_PRODUCTS_DIR; };
		E0073549255ACCE40075F9D2 /* LoremIpsum_SocialAppTests.swift */ = {isa = PBXFileReference; lastKnownFileType = sourcecode.swift; path = LoremIpsum_SocialAppTests.swift; sourceTree = "<group>"; };
		E007354B255ACCE40075F9D2 /* Info.plist */ = {isa = PBXFileReference; lastKnownFileType = text.plist.xml; path = Info.plist; sourceTree = "<group>"; };
		E0094892256286FD00FB4D9B /* PostViewController.swift */ = {isa = PBXFileReference; lastKnownFileType = sourcecode.swift; path = PostViewController.swift; sourceTree = "<group>"; };
		E0094894256287EB00FB4D9B /* UserDetailsViewController.swift */ = {isa = PBXFileReference; lastKnownFileType = sourcecode.swift; path = UserDetailsViewController.swift; sourceTree = "<group>"; };
		E009489C2562C41700FB4D9B /* PhotosViewController.swift */ = {isa = PBXFileReference; lastKnownFileType = sourcecode.swift; path = PhotosViewController.swift; sourceTree = "<group>"; };
		E00A00DB25655CF800808600 /* PostsViewModel.swift */ = {isa = PBXFileReference; lastKnownFileType = sourcecode.swift; path = PostsViewModel.swift; sourceTree = "<group>"; };
		E0511E8E256D43BE0027FB36 /* LoadingView.swift */ = {isa = PBXFileReference; lastKnownFileType = sourcecode.swift; path = LoadingView.swift; sourceTree = "<group>"; };
		E0511E90256D43D60027FB36 /* LoadingView.xib */ = {isa = PBXFileReference; lastKnownFileType = file.xib; path = LoadingView.xib; sourceTree = "<group>"; };
		E056087025626CC200ED0EB9 /* CommentsTableViewCell.swift */ = {isa = PBXFileReference; lastKnownFileType = sourcecode.swift; path = CommentsTableViewCell.swift; sourceTree = "<group>"; };
		E056087225626CD800ED0EB9 /* CommentsTableViewController.swift */ = {isa = PBXFileReference; lastKnownFileType = sourcecode.swift; path = CommentsTableViewController.swift; sourceTree = "<group>"; };
		E09AE28C256BBC6600A8EFD6 /* PostsTableViewController.xib */ = {isa = PBXFileReference; lastKnownFileType = file.xib; path = PostsTableViewController.xib; sourceTree = "<group>"; };
		E09AE28E256BBC9000A8EFD6 /* PostsTableViewCell.xib */ = {isa = PBXFileReference; lastKnownFileType = file.xib; path = PostsTableViewCell.xib; sourceTree = "<group>"; };
		E09AE290256BBCA400A8EFD6 /* CommentsTableViewController.xib */ = {isa = PBXFileReference; lastKnownFileType = file.xib; path = CommentsTableViewController.xib; sourceTree = "<group>"; };
		E09AE292256BBCAF00A8EFD6 /* CommentsTableViewCell.xib */ = {isa = PBXFileReference; lastKnownFileType = file.xib; path = CommentsTableViewCell.xib; sourceTree = "<group>"; };
		E09AE294256BBCBA00A8EFD6 /* UserDetailsViewController.xib */ = {isa = PBXFileReference; lastKnownFileType = file.xib; path = UserDetailsViewController.xib; sourceTree = "<group>"; };
		E09AE296256BBCD500A8EFD6 /* PostViewController.xib */ = {isa = PBXFileReference; lastKnownFileType = file.xib; path = PostViewController.xib; sourceTree = "<group>"; };
		E09AE298256BBCE500A8EFD6 /* PhotosViewController.xib */ = {isa = PBXFileReference; lastKnownFileType = file.xib; path = PhotosViewController.xib; sourceTree = "<group>"; };
		E09AE2A3256BD79100A8EFD6 /* PhotosCollectionViewCell.xib */ = {isa = PBXFileReference; lastKnownFileType = file.xib; path = PhotosCollectionViewCell.xib; sourceTree = "<group>"; };
		E09AE2E3256BF41D00A8EFD6 /* Icon-29.png */ = {isa = PBXFileReference; lastKnownFileType = image.png; path = "Icon-29.png"; sourceTree = "<group>"; };
		E09AE2E4256BF41D00A8EFD6 /* Icon-16.png */ = {isa = PBXFileReference; lastKnownFileType = image.png; path = "Icon-16.png"; sourceTree = "<group>"; };
		E09AE2E5256BF41D00A8EFD6 /* Icon-256.png */ = {isa = PBXFileReference; lastKnownFileType = image.png; path = "Icon-256.png"; sourceTree = "<group>"; };
		E09AE2E6256BF41D00A8EFD6 /* Icon-120.png */ = {isa = PBXFileReference; lastKnownFileType = image.png; path = "Icon-120.png"; sourceTree = "<group>"; };
		E09AE2E7256BF41D00A8EFD6 /* Icon-88.png */ = {isa = PBXFileReference; lastKnownFileType = image.png; path = "Icon-88.png"; sourceTree = "<group>"; };
		E09AE2E8256BF41D00A8EFD6 /* Icon-144.png */ = {isa = PBXFileReference; lastKnownFileType = image.png; path = "Icon-144.png"; sourceTree = "<group>"; };
		E09AE2E9256BF41D00A8EFD6 /* Icon-76.png */ = {isa = PBXFileReference; lastKnownFileType = image.png; path = "Icon-76.png"; sourceTree = "<group>"; };
		E09AE2EA256BF41D00A8EFD6 /* Icon-60.png */ = {isa = PBXFileReference; lastKnownFileType = image.png; path = "Icon-60.png"; sourceTree = "<group>"; };
		E09AE2EB256BF41D00A8EFD6 /* Icon-48.png */ = {isa = PBXFileReference; lastKnownFileType = image.png; path = "Icon-48.png"; sourceTree = "<group>"; };
		E09AE2EC256BF41D00A8EFD6 /* Icon-1024.png */ = {isa = PBXFileReference; lastKnownFileType = image.png; path = "Icon-1024.png"; sourceTree = "<group>"; };
		E09AE2ED256BF41D00A8EFD6 /* Icon-152.png */ = {isa = PBXFileReference; lastKnownFileType = image.png; path = "Icon-152.png"; sourceTree = "<group>"; };
		E09AE2EE256BF41D00A8EFD6 /* Icon-180.png */ = {isa = PBXFileReference; lastKnownFileType = image.png; path = "Icon-180.png"; sourceTree = "<group>"; };
		E09AE2EF256BF41D00A8EFD6 /* Icon-64.png */ = {isa = PBXFileReference; lastKnownFileType = image.png; path = "Icon-64.png"; sourceTree = "<group>"; };
		E09AE2F0256BF41D00A8EFD6 /* Icon-58.png */ = {isa = PBXFileReference; lastKnownFileType = image.png; path = "Icon-58.png"; sourceTree = "<group>"; };
		E09AE2F1256BF41D00A8EFD6 /* Icon-72.png */ = {isa = PBXFileReference; lastKnownFileType = image.png; path = "Icon-72.png"; sourceTree = "<group>"; };
		E09AE2F2256BF41D00A8EFD6 /* Icon-196.png */ = {isa = PBXFileReference; lastKnownFileType = image.png; path = "Icon-196.png"; sourceTree = "<group>"; };
		E09AE2F3256BF41D00A8EFD6 /* Icon-80.png */ = {isa = PBXFileReference; lastKnownFileType = image.png; path = "Icon-80.png"; sourceTree = "<group>"; };
		E09AE2F4256BF41D00A8EFD6 /* Icon-57.png */ = {isa = PBXFileReference; lastKnownFileType = image.png; path = "Icon-57.png"; sourceTree = "<group>"; };
		E09AE2F5256BF41D00A8EFD6 /* Icon-55.png */ = {isa = PBXFileReference; lastKnownFileType = image.png; path = "Icon-55.png"; sourceTree = "<group>"; };
		E09AE2F6256BF41D00A8EFD6 /* Icon-172.png */ = {isa = PBXFileReference; lastKnownFileType = image.png; path = "Icon-172.png"; sourceTree = "<group>"; };
		E09AE2F7256BF41D00A8EFD6 /* Icon-167.png */ = {isa = PBXFileReference; lastKnownFileType = image.png; path = "Icon-167.png"; sourceTree = "<group>"; };
		E09AE2F8256BF41D00A8EFD6 /* Icon-40.png */ = {isa = PBXFileReference; lastKnownFileType = image.png; path = "Icon-40.png"; sourceTree = "<group>"; };
		E09AE2F9256BF41D00A8EFD6 /* Icon-50.png */ = {isa = PBXFileReference; lastKnownFileType = image.png; path = "Icon-50.png"; sourceTree = "<group>"; };
		E09AE2FA256BF41D00A8EFD6 /* Icon-87.png */ = {isa = PBXFileReference; lastKnownFileType = image.png; path = "Icon-87.png"; sourceTree = "<group>"; };
		E09AE2FB256BF41D00A8EFD6 /* Icon-20.png */ = {isa = PBXFileReference; lastKnownFileType = image.png; path = "Icon-20.png"; sourceTree = "<group>"; };
		E09AE2FC256BF41D00A8EFD6 /* Icon-128.png */ = {isa = PBXFileReference; lastKnownFileType = image.png; path = "Icon-128.png"; sourceTree = "<group>"; };
		E09AE2FD256BF41D00A8EFD6 /* Icon-100.png */ = {isa = PBXFileReference; lastKnownFileType = image.png; path = "Icon-100.png"; sourceTree = "<group>"; };
		E09AE2FE256BF41D00A8EFD6 /* Icon-114.png */ = {isa = PBXFileReference; lastKnownFileType = image.png; path = "Icon-114.png"; sourceTree = "<group>"; };
		E09AE2FF256BF41D00A8EFD6 /* Icon-32.png */ = {isa = PBXFileReference; lastKnownFileType = image.png; path = "Icon-32.png"; sourceTree = "<group>"; };
		E09AE300256BF41D00A8EFD6 /* Icon-512.png */ = {isa = PBXFileReference; lastKnownFileType = image.png; path = "Icon-512.png"; sourceTree = "<group>"; };
		E09AE31F256BF7CC00A8EFD6 /* MainNavigationController.swift */ = {isa = PBXFileReference; lastKnownFileType = sourcecode.swift; path = MainNavigationController.swift; sourceTree = "<group>"; };
		E09AE320256BF7CC00A8EFD6 /* MainNavigationController.xib */ = {isa = PBXFileReference; lastKnownFileType = file.xib; path = MainNavigationController.xib; sourceTree = "<group>"; };
		E09DBFBA256512730019F606 /* PhotosCollectionViewCell.swift */ = {isa = PBXFileReference; lastKnownFileType = sourcecode.swift; path = PhotosCollectionViewCell.swift; sourceTree = "<group>"; };
		E09DBFBC2565153F0019F606 /* placeholder.png */ = {isa = PBXFileReference; lastKnownFileType = image.png; name = placeholder.png; path = ../../../../Downloads/placeholder.png; sourceTree = "<group>"; };
		E09DBFBE2565216E0019F606 /* Endpoint.swift */ = {isa = PBXFileReference; lastKnownFileType = sourcecode.swift; path = Endpoint.swift; sourceTree = "<group>"; };
		E09DBFC0256526D20019F606 /* JSONPlaceholderClient.swift */ = {isa = PBXFileReference; lastKnownFileType = sourcecode.swift; path = JSONPlaceholderClient.swift; sourceTree = "<group>"; };
		E09DBFC825652AB40019F606 /* PhotosViewModel.swift */ = {isa = PBXFileReference; lastKnownFileType = sourcecode.swift; path = PhotosViewModel.swift; sourceTree = "<group>"; };
		E0A1EF462563B3B4007FD71B /* crayon-1030.png */ = {isa = PBXFileReference; lastKnownFileType = image.png; name = "crayon-1030.png"; path = "../../../../Downloads/crayon-1030.png"; sourceTree = "<group>"; };
		E0A1EF482563B4DD007FD71B /* ThreePointGradientView.swift */ = {isa = PBXFileReference; lastKnownFileType = sourcecode.swift; path = ThreePointGradientView.swift; sourceTree = "<group>"; };
		E0A1EF4F25640141007FD71B /* APIClient.swift */ = {isa = PBXFileReference; lastKnownFileType = sourcecode.swift; path = APIClient.swift; sourceTree = "<group>"; };
		E0A5836E255AD3D500A81ECC /* Geo.swift */ = {isa = PBXFileReference; fileEncoding = 4; lastKnownFileType = sourcecode.swift; path = Geo.swift; sourceTree = "<group>"; };
		E0A5836F255AD3D500A81ECC /* Post.swift */ = {isa = PBXFileReference; fileEncoding = 4; lastKnownFileType = sourcecode.swift; path = Post.swift; sourceTree = "<group>"; };
		E0A58370255AD3D500A81ECC /* User.swift */ = {isa = PBXFileReference; fileEncoding = 4; lastKnownFileType = sourcecode.swift; path = User.swift; sourceTree = "<group>"; };
		E0A58371255AD3D500A81ECC /* Todo.swift */ = {isa = PBXFileReference; fileEncoding = 4; lastKnownFileType = sourcecode.swift; path = Todo.swift; sourceTree = "<group>"; };
		E0A58372255AD3D500A81ECC /* Company.swift */ = {isa = PBXFileReference; fileEncoding = 4; lastKnownFileType = sourcecode.swift; path = Company.swift; sourceTree = "<group>"; };
		E0A58373255AD3D500A81ECC /* Comment.swift */ = {isa = PBXFileReference; fileEncoding = 4; lastKnownFileType = sourcecode.swift; path = Comment.swift; sourceTree = "<group>"; };
		E0A58374255AD3D500A81ECC /* Album.swift */ = {isa = PBXFileReference; fileEncoding = 4; lastKnownFileType = sourcecode.swift; path = Album.swift; sourceTree = "<group>"; };
		E0A58375255AD3D500A81ECC /* Address.swift */ = {isa = PBXFileReference; fileEncoding = 4; lastKnownFileType = sourcecode.swift; path = Address.swift; sourceTree = "<group>"; };
		E0A58376255AD3D500A81ECC /* Photo.swift */ = {isa = PBXFileReference; fileEncoding = 4; lastKnownFileType = sourcecode.swift; path = Photo.swift; sourceTree = "<group>"; };
		E0A79B9A255EDAC300766891 /* PostsTableViewController.swift */ = {isa = PBXFileReference; lastKnownFileType = sourcecode.swift; path = PostsTableViewController.swift; sourceTree = "<group>"; };
		E0A79B9C255EDAEA00766891 /* PostsTableViewCell.swift */ = {isa = PBXFileReference; lastKnownFileType = sourcecode.swift; path = PostsTableViewCell.swift; sourceTree = "<group>"; };
		E0DB2CF0255D2DDA00BF374C /* icons8-comments-100.png */ = {isa = PBXFileReference; lastKnownFileType = image.png; name = "icons8-comments-100.png"; path = "../../../../Downloads/icons8-comments-100.png"; sourceTree = "<group>"; };
		E0DB2CF2255D2DDF00BF374C /* icons8-no-camera-100.png */ = {isa = PBXFileReference; lastKnownFileType = image.png; name = "icons8-no-camera-100.png"; path = "../../../../Downloads/icons8-no-camera-100.png"; sourceTree = "<group>"; };
/* End PBXFileReference section */

/* Begin PBXFrameworksBuildPhase section */
		E007352C255ACCE20075F9D2 /* Frameworks */ = {
			isa = PBXFrameworksBuildPhase;
			buildActionMask = 2147483647;
			files = (
			);
			runOnlyForDeploymentPostprocessing = 0;
		};
		E0073542255ACCE40075F9D2 /* Frameworks */ = {
			isa = PBXFrameworksBuildPhase;
			buildActionMask = 2147483647;
			files = (
			);
			runOnlyForDeploymentPostprocessing = 0;
		};
/* End PBXFrameworksBuildPhase section */

/* Begin PBXGroup section */
		E0073526255ACCE20075F9D2 = {
			isa = PBXGroup;
			children = (
				E0073531255ACCE20075F9D2 /* LoremIpsum-SocialApp */,
				E0073548255ACCE40075F9D2 /* LoremIpsum-SocialAppTests */,
				E0073530255ACCE20075F9D2 /* Products */,
			);
			sourceTree = "<group>";
		};
		E0073530255ACCE20075F9D2 /* Products */ = {
			isa = PBXGroup;
			children = (
				E007352F255ACCE20075F9D2 /* LoremIpsum-SocialApp.app */,
				E0073545255ACCE40075F9D2 /* LoremIpsum-SocialAppTests.xctest */,
			);
			name = Products;
			sourceTree = "<group>";
		};
		E0073531255ACCE20075F9D2 /* LoremIpsum-SocialApp */ = {
			isa = PBXGroup;
			children = (
				E09AE29C256BC20E00A8EFD6 /* Views */,
				E09AE28B256BBC5200A8EFD6 /* Xibs */,
				E09DBFC725652A620019F606 /* Models */,
				E09DBFC625652A4E0019F606 /* Network */,
				E09DBFC525652A360019F606 /* ViewControllers */,
				E09DBFC325652A0B0019F606 /* Storyboards */,
				E09DBFC2256529FD0019F606 /* ViewModels */,
				E0DB2CEF255D2DCD00BF374C /* Images  */,
				E0073532255ACCE20075F9D2 /* AppDelegate.swift */,
				E0073534255ACCE20075F9D2 /* SceneDelegate.swift */,
				E007353B255ACCE40075F9D2 /* Assets.xcassets */,
				E0073540255ACCE40075F9D2 /* Info.plist */,
			);
			path = "LoremIpsum-SocialApp";
			sourceTree = "<group>";
		};
		E0073548255ACCE40075F9D2 /* LoremIpsum-SocialAppTests */ = {
			isa = PBXGroup;
			children = (
				E0073549255ACCE40075F9D2 /* LoremIpsum_SocialAppTests.swift */,
				E007354B255ACCE40075F9D2 /* Info.plist */,
			);
			path = "LoremIpsum-SocialAppTests";
			sourceTree = "<group>";
		};
		E09AE28B256BBC5200A8EFD6 /* Xibs */ = {
			isa = PBXGroup;
			children = (
				E09AE2A2256BD46A00A8EFD6 /* Cells */,
				E09AE28C256BBC6600A8EFD6 /* PostsTableViewController.xib */,
				E09AE290256BBCA400A8EFD6 /* CommentsTableViewController.xib */,
				E09AE294256BBCBA00A8EFD6 /* UserDetailsViewController.xib */,
				E09AE296256BBCD500A8EFD6 /* PostViewController.xib */,
				E09AE298256BBCE500A8EFD6 /* PhotosViewController.xib */,
				E09AE320256BF7CC00A8EFD6 /* MainNavigationController.xib */,
				E0511E90256D43D60027FB36 /* LoadingView.xib */,
			);
			path = Xibs;
			sourceTree = "<group>";
		};
		E09AE29C256BC20E00A8EFD6 /* Views */ = {
			isa = PBXGroup;
			children = (
				E0A1EF482563B4DD007FD71B /* ThreePointGradientView.swift */,
				E0511E8E256D43BE0027FB36 /* LoadingView.swift */,
			);
			path = Views;
			sourceTree = "<group>";
		};
		E09AE2A2256BD46A00A8EFD6 /* Cells */ = {
			isa = PBXGroup;
			children = (
				E09AE28E256BBC9000A8EFD6 /* PostsTableViewCell.xib */,
				E09AE292256BBCAF00A8EFD6 /* CommentsTableViewCell.xib */,
				E09AE2A3256BD79100A8EFD6 /* PhotosCollectionViewCell.xib */,
			);
			path = Cells;
			sourceTree = "<group>";
		};
		E09AE2E2256BF41D00A8EFD6 /* icons */ = {
			isa = PBXGroup;
			children = (
				E09AE2E3256BF41D00A8EFD6 /* Icon-29.png */,
				E09AE2E4256BF41D00A8EFD6 /* Icon-16.png */,
				E09AE2E5256BF41D00A8EFD6 /* Icon-256.png */,
				E09AE2E6256BF41D00A8EFD6 /* Icon-120.png */,
				E09AE2E7256BF41D00A8EFD6 /* Icon-88.png */,
				E09AE2E8256BF41D00A8EFD6 /* Icon-144.png */,
				E09AE2E9256BF41D00A8EFD6 /* Icon-76.png */,
				E09AE2EA256BF41D00A8EFD6 /* Icon-60.png */,
				E09AE2EB256BF41D00A8EFD6 /* Icon-48.png */,
				E09AE2EC256BF41D00A8EFD6 /* Icon-1024.png */,
				E09AE2ED256BF41D00A8EFD6 /* Icon-152.png */,
				E09AE2EE256BF41D00A8EFD6 /* Icon-180.png */,
				E09AE2EF256BF41D00A8EFD6 /* Icon-64.png */,
				E09AE2F0256BF41D00A8EFD6 /* Icon-58.png */,
				E09AE2F1256BF41D00A8EFD6 /* Icon-72.png */,
				E09AE2F2256BF41D00A8EFD6 /* Icon-196.png */,
				E09AE2F3256BF41D00A8EFD6 /* Icon-80.png */,
				E09AE2F4256BF41D00A8EFD6 /* Icon-57.png */,
				E09AE2F5256BF41D00A8EFD6 /* Icon-55.png */,
				E09AE2F6256BF41D00A8EFD6 /* Icon-172.png */,
				E09AE2F7256BF41D00A8EFD6 /* Icon-167.png */,
				E09AE2F8256BF41D00A8EFD6 /* Icon-40.png */,
				E09AE2F9256BF41D00A8EFD6 /* Icon-50.png */,
				E09AE2FA256BF41D00A8EFD6 /* Icon-87.png */,
				E09AE2FB256BF41D00A8EFD6 /* Icon-20.png */,
				E09AE2FC256BF41D00A8EFD6 /* Icon-128.png */,
				E09AE2FD256BF41D00A8EFD6 /* Icon-100.png */,
				E09AE2FE256BF41D00A8EFD6 /* Icon-114.png */,
				E09AE2FF256BF41D00A8EFD6 /* Icon-32.png */,
				E09AE300256BF41D00A8EFD6 /* Icon-512.png */,
			);
			name = icons;
			path = ../../../../Downloads/icons;
			sourceTree = "<group>";
		};
		E09DBFC2256529FD0019F606 /* ViewModels */ = {
			isa = PBXGroup;
			children = (
				E09DBFC825652AB40019F606 /* PhotosViewModel.swift */,
				E00A00DB25655CF800808600 /* PostsViewModel.swift */,
			);
			path = ViewModels;
			sourceTree = "<group>";
		};
		E09DBFC325652A0B0019F606 /* Storyboards */ = {
			isa = PBXGroup;
			children = (
				E007353D255ACCE40075F9D2 /* LaunchScreen.storyboard */,
			);
			path = Storyboards;
			sourceTree = "<group>";
		};
		E09DBFC525652A360019F606 /* ViewControllers */ = {
			isa = PBXGroup;
			children = (
				E0A79B9A255EDAC300766891 /* PostsTableViewController.swift */,
				E0A79B9C255EDAEA00766891 /* PostsTableViewCell.swift */,
				E056087225626CD800ED0EB9 /* CommentsTableViewController.swift */,
				E056087025626CC200ED0EB9 /* CommentsTableViewCell.swift */,
				E0094894256287EB00FB4D9B /* UserDetailsViewController.swift */,
				E0094892256286FD00FB4D9B /* PostViewController.swift */,
				E009489C2562C41700FB4D9B /* PhotosViewController.swift */,
				E09DBFBA256512730019F606 /* PhotosCollectionViewCell.swift */,
				E09AE31F256BF7CC00A8EFD6 /* MainNavigationController.swift */,
			);
			path = ViewControllers;
			sourceTree = "<group>";
		};
		E09DBFC625652A4E0019F606 /* Network */ = {
			isa = PBXGroup;
			children = (
				E0A1EF4F25640141007FD71B /* APIClient.swift */,
				E09DBFBE2565216E0019F606 /* Endpoint.swift */,
				E09DBFC0256526D20019F606 /* JSONPlaceholderClient.swift */,
			);
			path = Network;
			sourceTree = "<group>";
		};
		E09DBFC725652A620019F606 /* Models */ = {
			isa = PBXGroup;
			children = (
				E0A58375255AD3D500A81ECC /* Address.swift */,
				E0A58374255AD3D500A81ECC /* Album.swift */,
				E0A58373255AD3D500A81ECC /* Comment.swift */,
				E0A58372255AD3D500A81ECC /* Company.swift */,
				E0A5836E255AD3D500A81ECC /* Geo.swift */,
				E0A58376255AD3D500A81ECC /* Photo.swift */,
				E0A5836F255AD3D500A81ECC /* Post.swift */,
				E0A58371255AD3D500A81ECC /* Todo.swift */,
				E0A58370255AD3D500A81ECC /* User.swift */,
			);
			path = Models;
			sourceTree = "<group>";
		};
		E0DB2CEF255D2DCD00BF374C /* Images  */ = {
			isa = PBXGroup;
			children = (
				E09AE2E2256BF41D00A8EFD6 /* icons */,
				E09DBFBC2565153F0019F606 /* placeholder.png */,
				E0A1EF462563B3B4007FD71B /* crayon-1030.png */,
				E0DB2CF2255D2DDF00BF374C /* icons8-no-camera-100.png */,
				E0DB2CF0255D2DDA00BF374C /* icons8-comments-100.png */,
			);
			path = "Images ";
			sourceTree = "<group>";
		};
/* End PBXGroup section */

/* Begin PBXNativeTarget section */
		E007352E255ACCE20075F9D2 /* LoremIpsum-SocialApp */ = {
			isa = PBXNativeTarget;
			buildConfigurationList = E007354E255ACCE40075F9D2 /* Build configuration list for PBXNativeTarget "LoremIpsum-SocialApp" */;
			buildPhases = (
				E007352B255ACCE20075F9D2 /* Sources */,
				E007352C255ACCE20075F9D2 /* Frameworks */,
				E007352D255ACCE20075F9D2 /* Resources */,
			);
			buildRules = (
			);
			dependencies = (
			);
			name = "LoremIpsum-SocialApp";
			productName = "LoremIpsum-SocialApp";
			productReference = E007352F255ACCE20075F9D2 /* LoremIpsum-SocialApp.app */;
			productType = "com.apple.product-type.application";
		};
		E0073544255ACCE40075F9D2 /* LoremIpsum-SocialAppTests */ = {
			isa = PBXNativeTarget;
			buildConfigurationList = E0073551255ACCE40075F9D2 /* Build configuration list for PBXNativeTarget "LoremIpsum-SocialAppTests" */;
			buildPhases = (
				E0073541255ACCE40075F9D2 /* Sources */,
				E0073542255ACCE40075F9D2 /* Frameworks */,
				E0073543255ACCE40075F9D2 /* Resources */,
			);
			buildRules = (
			);
			dependencies = (
				E0073547255ACCE40075F9D2 /* PBXTargetDependency */,
			);
			name = "LoremIpsum-SocialAppTests";
			productName = "LoremIpsum-SocialAppTests";
			productReference = E0073545255ACCE40075F9D2 /* LoremIpsum-SocialAppTests.xctest */;
			productType = "com.apple.product-type.bundle.unit-test";
		};
/* End PBXNativeTarget section */

/* Begin PBXProject section */
		E0073527255ACCE20075F9D2 /* Project object */ = {
			isa = PBXProject;
			attributes = {
				LastSwiftUpdateCheck = 1170;
				LastUpgradeCheck = 1170;
				ORGANIZATIONNAME = Warss;
				TargetAttributes = {
					E007352E255ACCE20075F9D2 = {
						CreatedOnToolsVersion = 11.7;
					};
					E0073544255ACCE40075F9D2 = {
						CreatedOnToolsVersion = 11.7;
						TestTargetID = E007352E255ACCE20075F9D2;
					};
				};
			};
			buildConfigurationList = E007352A255ACCE20075F9D2 /* Build configuration list for PBXProject "LoremIpsum-SocialApp" */;
			compatibilityVersion = "Xcode 11.4";
			developmentRegion = en;
			hasScannedForEncodings = 0;
			knownRegions = (
				en,
				Base,
			);
			mainGroup = E0073526255ACCE20075F9D2;
			productRefGroup = E0073530255ACCE20075F9D2 /* Products */;
			projectDirPath = "";
			projectRoot = "";
			targets = (
				E007352E255ACCE20075F9D2 /* LoremIpsum-SocialApp */,
				E0073544255ACCE40075F9D2 /* LoremIpsum-SocialAppTests */,
			);
		};
/* End PBXProject section */

/* Begin PBXResourcesBuildPhase section */
		E007352D255ACCE20075F9D2 /* Resources */ = {
			isa = PBXResourcesBuildPhase;
			buildActionMask = 2147483647;
			files = (
				E09AE316256BF41D00A8EFD6 /* Icon-40.png in Resources */,
				E0511E91256D43D60027FB36 /* LoadingView.xib in Resources */,
				E09AE293256BBCAF00A8EFD6 /* CommentsTableViewCell.xib in Resources */,
				E09AE30B256BF41D00A8EFD6 /* Icon-152.png in Resources */,
				E09AE30A256BF41D00A8EFD6 /* Icon-1024.png in Resources */,
				E09AE302256BF41D00A8EFD6 /* Icon-16.png in Resources */,
				E09AE318256BF41D00A8EFD6 /* Icon-87.png in Resources */,
				E09AE2A4256BD79100A8EFD6 /* PhotosCollectionViewCell.xib in Resources */,
				E007353F255ACCE40075F9D2 /* LaunchScreen.storyboard in Resources */,
				E09AE322256BF7CC00A8EFD6 /* MainNavigationController.xib in Resources */,
				E09AE313256BF41D00A8EFD6 /* Icon-55.png in Resources */,
				E09AE315256BF41D00A8EFD6 /* Icon-167.png in Resources */,
				E09AE317256BF41D00A8EFD6 /* Icon-50.png in Resources */,
				E09AE295256BBCBA00A8EFD6 /* UserDetailsViewController.xib in Resources */,
				E09AE297256BBCD500A8EFD6 /* PostViewController.xib in Resources */,
				E09AE31D256BF41D00A8EFD6 /* Icon-32.png in Resources */,
				E007353C255ACCE40075F9D2 /* Assets.xcassets in Resources */,
				E09AE306256BF41D00A8EFD6 /* Icon-144.png in Resources */,
				E09AE30D256BF41D00A8EFD6 /* Icon-64.png in Resources */,
				E09AE30F256BF41D00A8EFD6 /* Icon-72.png in Resources */,
				E09AE309256BF41D00A8EFD6 /* Icon-48.png in Resources */,
				E09AE31A256BF41D00A8EFD6 /* Icon-128.png in Resources */,
				E09AE28F256BBC9000A8EFD6 /* PostsTableViewCell.xib in Resources */,
				E09AE305256BF41D00A8EFD6 /* Icon-88.png in Resources */,
				E0DB2CF3255D2DDF00BF374C /* icons8-no-camera-100.png in Resources */,
				E09AE314256BF41D00A8EFD6 /* Icon-172.png in Resources */,
				E09AE291256BBCA400A8EFD6 /* CommentsTableViewController.xib in Resources */,
				E09AE308256BF41D00A8EFD6 /* Icon-60.png in Resources */,
				E09AE304256BF41D00A8EFD6 /* Icon-120.png in Resources */,
				E09AE312256BF41D00A8EFD6 /* Icon-57.png in Resources */,
				E09DBFBD2565153F0019F606 /* placeholder.png in Resources */,
				E09AE30E256BF41D00A8EFD6 /* Icon-58.png in Resources */,
				E09AE28D256BBC6600A8EFD6 /* PostsTableViewController.xib in Resources */,
				E09AE299256BBCE500A8EFD6 /* PhotosViewController.xib in Resources */,
				E09AE307256BF41D00A8EFD6 /* Icon-76.png in Resources */,
				E0DB2CF1255D2DDA00BF374C /* icons8-comments-100.png in Resources */,
				E09AE31C256BF41D00A8EFD6 /* Icon-114.png in Resources */,
				E0A1EF472563B3B4007FD71B /* crayon-1030.png in Resources */,
				E09AE303256BF41D00A8EFD6 /* Icon-256.png in Resources */,
				E09AE311256BF41D00A8EFD6 /* Icon-80.png in Resources */,
				E09AE30C256BF41D00A8EFD6 /* Icon-180.png in Resources */,
				E09AE310256BF41D00A8EFD6 /* Icon-196.png in Resources */,
				E09AE319256BF41D00A8EFD6 /* Icon-20.png in Resources */,
				E09AE31B256BF41D00A8EFD6 /* Icon-100.png in Resources */,
				E09AE31E256BF41D00A8EFD6 /* Icon-512.png in Resources */,
				E09AE301256BF41D00A8EFD6 /* Icon-29.png in Resources */,
			);
			runOnlyForDeploymentPostprocessing = 0;
		};
		E0073543255ACCE40075F9D2 /* Resources */ = {
			isa = PBXResourcesBuildPhase;
			buildActionMask = 2147483647;
			files = (
			);
			runOnlyForDeploymentPostprocessing = 0;
		};
/* End PBXResourcesBuildPhase section */

/* Begin PBXSourcesBuildPhase section */
		E007352B255ACCE20075F9D2 /* Sources */ = {
			isa = PBXSourcesBuildPhase;
			buildActionMask = 2147483647;
			files = (
				E09AE321256BF7CC00A8EFD6 /* MainNavigationController.swift in Sources */,
				E0A5837D255AD3D500A81ECC /* Album.swift in Sources */,
				E0A58378255AD3D500A81ECC /* Post.swift in Sources */,
				E00A00DC25655CF800808600 /* PostsViewModel.swift in Sources */,
				E09DBFC1256526D20019F606 /* JSONPlaceholderClient.swift in Sources */,
				E0A79B9B255EDAC300766891 /* PostsTableViewController.swift in Sources */,
				E0094893256286FD00FB4D9B /* PostViewController.swift in Sources */,
				E0A1EF5025640141007FD71B /* APIClient.swift in Sources */,
				E0511E8F256D43BE0027FB36 /* LoadingView.swift in Sources */,
				E09DBFBB256512730019F606 /* PhotosCollectionViewCell.swift in Sources */,
				E0A5837E255AD3D500A81ECC /* Address.swift in Sources */,
				E0A79B9D255EDAEA00766891 /* PostsTableViewCell.swift in Sources */,
				E0A58379255AD3D500A81ECC /* User.swift in Sources */,
				E0A1EF492563B4DD007FD71B /* ThreePointGradientView.swift in Sources */,
				E0094895256287EB00FB4D9B /* UserDetailsViewController.swift in Sources */,
				E056087125626CC200ED0EB9 /* CommentsTableViewCell.swift in Sources */,
				E0073533255ACCE20075F9D2 /* AppDelegate.swift in Sources */,
				E0A5837F255AD3D500A81ECC /* Photo.swift in Sources */,
				E0A5837C255AD3D500A81ECC /* Comment.swift in Sources */,
				E09DBFC925652AB40019F606 /* PhotosViewModel.swift in Sources */,
				E056087325626CD800ED0EB9 /* CommentsTableViewController.swift in Sources */,
				E09DBFBF2565216E0019F606 /* Endpoint.swift in Sources */,
				E0A5837B255AD3D500A81ECC /* Company.swift in Sources */,
				E009489D2562C41700FB4D9B /* PhotosViewController.swift in Sources */,
				E0073535255ACCE20075F9D2 /* SceneDelegate.swift in Sources */,
				E0A58377255AD3D500A81ECC /* Geo.swift in Sources */,
				E0A5837A255AD3D500A81ECC /* Todo.swift in Sources */,
			);
			runOnlyForDeploymentPostprocessing = 0;
		};
		E0073541255ACCE40075F9D2 /* Sources */ = {
			isa = PBXSourcesBuildPhase;
			buildActionMask = 2147483647;
			files = (
				E007354A255ACCE40075F9D2 /* LoremIpsum_SocialAppTests.swift in Sources */,
			);
			runOnlyForDeploymentPostprocessing = 0;
		};
/* End PBXSourcesBuildPhase section */

/* Begin PBXTargetDependency section */
		E0073547255ACCE40075F9D2 /* PBXTargetDependency */ = {
			isa = PBXTargetDependency;
			target = E007352E255ACCE20075F9D2 /* LoremIpsum-SocialApp */;
			targetProxy = E0073546255ACCE40075F9D2 /* PBXContainerItemProxy */;
		};
/* End PBXTargetDependency section */

/* Begin PBXVariantGroup section */
		E007353D255ACCE40075F9D2 /* LaunchScreen.storyboard */ = {
			isa = PBXVariantGroup;
			children = (
				E007353E255ACCE40075F9D2 /* Base */,
			);
			name = LaunchScreen.storyboard;
			sourceTree = "<group>";
		};
/* End PBXVariantGroup section */

/* Begin XCBuildConfiguration section */
		E007354C255ACCE40075F9D2 /* Debug */ = {
			isa = XCBuildConfiguration;
			buildSettings = {
				ALWAYS_SEARCH_USER_PATHS = NO;
				CLANG_ANALYZER_NONNULL = YES;
				CLANG_ANALYZER_NUMBER_OBJECT_CONVERSION = YES_AGGRESSIVE;
				CLANG_CXX_LANGUAGE_STANDARD = "gnu++14";
				CLANG_CXX_LIBRARY = "libc++";
				CLANG_ENABLE_MODULES = YES;
				CLANG_ENABLE_OBJC_ARC = YES;
				CLANG_ENABLE_OBJC_WEAK = YES;
				CLANG_WARN_BLOCK_CAPTURE_AUTORELEASING = YES;
				CLANG_WARN_BOOL_CONVERSION = YES;
				CLANG_WARN_COMMA = YES;
				CLANG_WARN_CONSTANT_CONVERSION = YES;
				CLANG_WARN_DEPRECATED_OBJC_IMPLEMENTATIONS = YES;
				CLANG_WARN_DIRECT_OBJC_ISA_USAGE = YES_ERROR;
				CLANG_WARN_DOCUMENTATION_COMMENTS = YES;
				CLANG_WARN_EMPTY_BODY = YES;
				CLANG_WARN_ENUM_CONVERSION = YES;
				CLANG_WARN_INFINITE_RECURSION = YES;
				CLANG_WARN_INT_CONVERSION = YES;
				CLANG_WARN_NON_LITERAL_NULL_CONVERSION = YES;
				CLANG_WARN_OBJC_IMPLICIT_RETAIN_SELF = YES;
				CLANG_WARN_OBJC_LITERAL_CONVERSION = YES;
				CLANG_WARN_OBJC_ROOT_CLASS = YES_ERROR;
				CLANG_WARN_RANGE_LOOP_ANALYSIS = YES;
				CLANG_WARN_STRICT_PROTOTYPES = YES;
				CLANG_WARN_SUSPICIOUS_MOVE = YES;
				CLANG_WARN_UNGUARDED_AVAILABILITY = YES_AGGRESSIVE;
				CLANG_WARN_UNREACHABLE_CODE = YES;
				CLANG_WARN__DUPLICATE_METHOD_MATCH = YES;
				COPY_PHASE_STRIP = NO;
				DEBUG_INFORMATION_FORMAT = dwarf;
				ENABLE_STRICT_OBJC_MSGSEND = YES;
				ENABLE_TESTABILITY = YES;
				GCC_C_LANGUAGE_STANDARD = gnu11;
				GCC_DYNAMIC_NO_PIC = NO;
				GCC_NO_COMMON_BLOCKS = YES;
				GCC_OPTIMIZATION_LEVEL = 0;
				GCC_PREPROCESSOR_DEFINITIONS = (
					"DEBUG=1",
					"$(inherited)",
				);
				GCC_WARN_64_TO_32_BIT_CONVERSION = YES;
				GCC_WARN_ABOUT_RETURN_TYPE = YES_ERROR;
				GCC_WARN_UNDECLARED_SELECTOR = YES;
				GCC_WARN_UNINITIALIZED_AUTOS = YES_AGGRESSIVE;
				GCC_WARN_UNUSED_FUNCTION = YES;
				GCC_WARN_UNUSED_VARIABLE = YES;
				IPHONEOS_DEPLOYMENT_TARGET = 13.7;
				MTL_ENABLE_DEBUG_INFO = INCLUDE_SOURCE;
				MTL_FAST_MATH = YES;
				ONLY_ACTIVE_ARCH = YES;
				SDKROOT = iphoneos;
				SWIFT_ACTIVE_COMPILATION_CONDITIONS = DEBUG;
				SWIFT_OPTIMIZATION_LEVEL = "-Onone";
			};
			name = Debug;
		};
		E007354D255ACCE40075F9D2 /* Release */ = {
			isa = XCBuildConfiguration;
			buildSettings = {
				ALWAYS_SEARCH_USER_PATHS = NO;
				CLANG_ANALYZER_NONNULL = YES;
				CLANG_ANALYZER_NUMBER_OBJECT_CONVERSION = YES_AGGRESSIVE;
				CLANG_CXX_LANGUAGE_STANDARD = "gnu++14";
				CLANG_CXX_LIBRARY = "libc++";
				CLANG_ENABLE_MODULES = YES;
				CLANG_ENABLE_OBJC_ARC = YES;
				CLANG_ENABLE_OBJC_WEAK = YES;
				CLANG_WARN_BLOCK_CAPTURE_AUTORELEASING = YES;
				CLANG_WARN_BOOL_CONVERSION = YES;
				CLANG_WARN_COMMA = YES;
				CLANG_WARN_CONSTANT_CONVERSION = YES;
				CLANG_WARN_DEPRECATED_OBJC_IMPLEMENTATIONS = YES;
				CLANG_WARN_DIRECT_OBJC_ISA_USAGE = YES_ERROR;
				CLANG_WARN_DOCUMENTATION_COMMENTS = YES;
				CLANG_WARN_EMPTY_BODY = YES;
				CLANG_WARN_ENUM_CONVERSION = YES;
				CLANG_WARN_INFINITE_RECURSION = YES;
				CLANG_WARN_INT_CONVERSION = YES;
				CLANG_WARN_NON_LITERAL_NULL_CONVERSION = YES;
				CLANG_WARN_OBJC_IMPLICIT_RETAIN_SELF = YES;
				CLANG_WARN_OBJC_LITERAL_CONVERSION = YES;
				CLANG_WARN_OBJC_ROOT_CLASS = YES_ERROR;
				CLANG_WARN_RANGE_LOOP_ANALYSIS = YES;
				CLANG_WARN_STRICT_PROTOTYPES = YES;
				CLANG_WARN_SUSPICIOUS_MOVE = YES;
				CLANG_WARN_UNGUARDED_AVAILABILITY = YES_AGGRESSIVE;
				CLANG_WARN_UNREACHABLE_CODE = YES;
				CLANG_WARN__DUPLICATE_METHOD_MATCH = YES;
				COPY_PHASE_STRIP = NO;
				DEBUG_INFORMATION_FORMAT = "dwarf-with-dsym";
				ENABLE_NS_ASSERTIONS = NO;
				ENABLE_STRICT_OBJC_MSGSEND = YES;
				GCC_C_LANGUAGE_STANDARD = gnu11;
				GCC_NO_COMMON_BLOCKS = YES;
				GCC_WARN_64_TO_32_BIT_CONVERSION = YES;
				GCC_WARN_ABOUT_RETURN_TYPE = YES_ERROR;
				GCC_WARN_UNDECLARED_SELECTOR = YES;
				GCC_WARN_UNINITIALIZED_AUTOS = YES_AGGRESSIVE;
				GCC_WARN_UNUSED_FUNCTION = YES;
				GCC_WARN_UNUSED_VARIABLE = YES;
				IPHONEOS_DEPLOYMENT_TARGET = 13.7;
				MTL_ENABLE_DEBUG_INFO = NO;
				MTL_FAST_MATH = YES;
				SDKROOT = iphoneos;
				SWIFT_COMPILATION_MODE = wholemodule;
				SWIFT_OPTIMIZATION_LEVEL = "-O";
				VALIDATE_PRODUCT = YES;
			};
			name = Release;
		};
		E007354F255ACCE40075F9D2 /* Debug */ = {
			isa = XCBuildConfiguration;
			buildSettings = {
				ASSETCATALOG_COMPILER_APPICON_NAME = AppIcon;
				CODE_SIGN_STYLE = Automatic;
				DEVELOPMENT_TEAM = D6XWMP8YUR;
				INFOPLIST_FILE = "LoremIpsum-SocialApp/Info.plist";
				LD_RUNPATH_SEARCH_PATHS = (
					"$(inherited)",
					"@executable_path/Frameworks",
				);
				PRODUCT_BUNDLE_IDENTIFIER = "warss.LoremIpsum-SocialApp";
				PRODUCT_NAME = "$(TARGET_NAME)";
				SWIFT_VERSION = 5.0;
				TARGETED_DEVICE_FAMILY = "1,2";
			};
			name = Debug;
		};
		E0073550255ACCE40075F9D2 /* Release */ = {
			isa = XCBuildConfiguration;
			buildSettings = {
				ASSETCATALOG_COMPILER_APPICON_NAME = AppIcon;
				CODE_SIGN_STYLE = Automatic;
				DEVELOPMENT_TEAM = D6XWMP8YUR;
				INFOPLIST_FILE = "LoremIpsum-SocialApp/Info.plist";
				LD_RUNPATH_SEARCH_PATHS = (
					"$(inherited)",
					"@executable_path/Frameworks",
				);
				PRODUCT_BUNDLE_IDENTIFIER = "warss.LoremIpsum-SocialApp";
				PRODUCT_NAME = "$(TARGET_NAME)";
				SWIFT_VERSION = 5.0;
				TARGETED_DEVICE_FAMILY = "1,2";
			};
			name = Release;
		};
		E0073552255ACCE40075F9D2 /* Debug */ = {
			isa = XCBuildConfiguration;
			buildSettings = {
				ALWAYS_EMBED_SWIFT_STANDARD_LIBRARIES = YES;
				BUNDLE_LOADER = "$(TEST_HOST)";
				CODE_SIGN_STYLE = Automatic;
				DEVELOPMENT_TEAM = D6XWMP8YUR;
				INFOPLIST_FILE = "LoremIpsum-SocialAppTests/Info.plist";
				IPHONEOS_DEPLOYMENT_TARGET = 13.7;
				LD_RUNPATH_SEARCH_PATHS = (
					"$(inherited)",
					"@executable_path/Frameworks",
					"@loader_path/Frameworks",
				);
				PRODUCT_BUNDLE_IDENTIFIER = "warss.LoremIpsum-SocialAppTests";
				PRODUCT_NAME = "$(TARGET_NAME)";
				SWIFT_VERSION = 5.0;
				TARGETED_DEVICE_FAMILY = "1,2";
				TEST_HOST = "$(BUILT_PRODUCTS_DIR)/LoremIpsum-SocialApp.app/LoremIpsum-SocialApp";
			};
			name = Debug;
		};
		E0073553255ACCE40075F9D2 /* Release */ = {
			isa = XCBuildConfiguration;
			buildSettings = {
				ALWAYS_EMBED_SWIFT_STANDARD_LIBRARIES = YES;
				BUNDLE_LOADER = "$(TEST_HOST)";
				CODE_SIGN_STYLE = Automatic;
				DEVELOPMENT_TEAM = D6XWMP8YUR;
				INFOPLIST_FILE = "LoremIpsum-SocialAppTests/Info.plist";
				IPHONEOS_DEPLOYMENT_TARGET = 13.7;
				LD_RUNPATH_SEARCH_PATHS = (
					"$(inherited)",
					"@executable_path/Frameworks",
					"@loader_path/Frameworks",
				);
				PRODUCT_BUNDLE_IDENTIFIER = "warss.LoremIpsum-SocialAppTests";
				PRODUCT_NAME = "$(TARGET_NAME)";
				SWIFT_VERSION = 5.0;
				TARGETED_DEVICE_FAMILY = "1,2";
				TEST_HOST = "$(BUILT_PRODUCTS_DIR)/LoremIpsum-SocialApp.app/LoremIpsum-SocialApp";
			};
			name = Release;
		};
/* End XCBuildConfiguration section */

/* Begin XCConfigurationList section */
		E007352A255ACCE20075F9D2 /* Build configuration list for PBXProject "LoremIpsum-SocialApp" */ = {
			isa = XCConfigurationList;
			buildConfigurations = (
				E007354C255ACCE40075F9D2 /* Debug */,
				E007354D255ACCE40075F9D2 /* Release */,
			);
			defaultConfigurationIsVisible = 0;
			defaultConfigurationName = Release;
		};
		E007354E255ACCE40075F9D2 /* Build configuration list for PBXNativeTarget "LoremIpsum-SocialApp" */ = {
			isa = XCConfigurationList;
			buildConfigurations = (
				E007354F255ACCE40075F9D2 /* Debug */,
				E0073550255ACCE40075F9D2 /* Release */,
			);
			defaultConfigurationIsVisible = 0;
			defaultConfigurationName = Release;
		};
		E0073551255ACCE40075F9D2 /* Build configuration list for PBXNativeTarget "LoremIpsum-SocialAppTests" */ = {
			isa = XCConfigurationList;
			buildConfigurations = (
				E0073552255ACCE40075F9D2 /* Debug */,
				E0073553255ACCE40075F9D2 /* Release */,
			);
			defaultConfigurationIsVisible = 0;
			defaultConfigurationName = Release;
		};
/* End XCConfigurationList section */
	};
	rootObject = E0073527255ACCE20075F9D2 /* Project object */;
}
